
Microsoft Visual Studio Solution File, Format Version 12.00
# Visual Studio Version 16
VisualStudioVersion = 25.0.1706.7
MinimumVisualStudioVersion = 10.0.40219.1
Project("{FAE04EC0-301F-11D3-BF4B-00C04F79EFBC}") = "CVSatriaMandiriRepo", "CVSatriaMandiriRepo\CVSatriaMandiriRepo.csproj", "{8EF55483-2EC3-4447-94B8-CB77317DF500}"
EndProject
Global
	GlobalSection(SolutionConfigurationPlatforms) = preSolution
		Debug|Any CPU = Debug|Any CPU
		Release|Any CPU = Release|Any CPU
	EndGlobalSection
	GlobalSection(ProjectConfigurationPlatforms) = postSolution
		{8EF55483-2EC3-4447-94B8-CB77317DF500}.Debug|Any CPU.ActiveCfg = Debug|Any CPU
		{8EF55483-2EC3-4447-94B8-CB77317DF500}.Debug|Any CPU.Build.0 = Debug|Any CPU
		{8EF55483-2EC3-4447-94B8-CB77317DF500}.Release|Any CPU.ActiveCfg = Release|Any CPU
		{8EF55483-2EC3-4447-94B8-CB77317DF500}.Release|Any CPU.Build.0 = Release|Any CPU
	EndGlobalSection
	GlobalSection(SolutionProperties) = preSolution
		HideSolutionNode = FALSE
	EndGlobalSection
	GlobalSection(ExtensibilityGlobals) = postSolution
		SolutionGuid = {1234B2F1-847F-4A6D-950A-465CB73A3B0C}
	EndGlobalSection
EndGlobal
